
Microsoft Visual Studio Solution File, Format Version 12.00
# Visual Studio Version 17
VisualStudioVersion = 17.4.33122.133
MinimumVisualStudioVersion = 10.0.40219.1
Project("{8BC9CEB8-8B4A-11D0-8D11-00A0C91BC942}") = "Es primo", "Clase 2\Clase 2.vcxproj", "{93E8C50B-C152-4209-B888-7D71E79CB5D2}"
EndProject
Project("{8BC9CEB8-8B4A-11D0-8D11-00A0C91BC942}") = "Ejercicio 8", "Ejercicio 8\Ejercicio 8.vcxproj", "{8007BF4E-A665-4177-847C-D19FA8B6C047}"
EndProject
Project("{8BC9CEB8-8B4A-11D0-8D11-00A0C91BC942}") = "ejercicio 9", "ejercicio 9\ejercicio 9.vcxproj", "{A3F79FC4-41EE-439D-BA1B-7AE82A494D0C}"
EndProject
Project("{8BC9CEB8-8B4A-11D0-8D11-00A0C91BC942}") = "Ejercicio 10", "Ejercicio 10\Ejercicio 10.vcxproj", "{1262CD7B-491A-4D61-8989-C381D95C0920}"
EndProject
Project("{8BC9CEB8-8B4A-11D0-8D11-00A0C91BC942}") = "Ejercicio 12", "Ejercicio 12\Ejercicio 12.vcxproj", "{9A8E40A6-7CC3-4E90-8D80-0C67E6121871}"
EndProject
Project("{8BC9CEB8-8B4A-11D0-8D11-00A0C91BC942}") = "Clase 3 (intro a switch)", "Clase 3 (intro a switch)\Clase 3 (intro a switch).vcxproj", "{3698BBCE-C21E-4401-8E49-F9AA9FA363B6}"
EndProject
Project("{8BC9CEB8-8B4A-11D0-8D11-00A0C91BC942}") = "Clase 3 estructura for", "Clase 3 estructura for\Clase 3 estructura for.vcxproj", "{3222452B-5058-4184-8B6A-9E1443870113}"
EndProject
Project("{8BC9CEB8-8B4A-11D0-8D11-00A0C91BC942}") = "Clase 3 Strings y caracteres", "Clase 3 Strings y caracteres\Clase 3 Strings y caracteres.vcxproj", "{7351B0F5-1D16-494F-8204-394BBCE6AE0C}"
EndProject
Project("{8BC9CEB8-8B4A-11D0-8D11-00A0C91BC942}") = "Ejercicio 18", "Ejercicio 18\Ejercicio 18.vcxproj", "{5629FA3A-AA2F-4CF6-A846-65D3A76D57D5}"
EndProject
Project("{8BC9CEB8-8B4A-11D0-8D11-00A0C91BC942}") = "Ejercicio 19", "Ejercicio 19\Ejercicio 19.vcxproj", "{D1C399C5-0696-445B-B2D1-5A94CA8C2C3E}"
EndProject
Project("{8BC9CEB8-8B4A-11D0-8D11-00A0C91BC942}") = "Ejercicio 20", "Ejercicio 20\Ejercicio 20.vcxproj", "{B73661A9-1EA8-46F2-A584-96D216008C24}"
EndProject
Project("{8BC9CEB8-8B4A-11D0-8D11-00A0C91BC942}") = "Ejercicio 21", "Ejercicio 21\Ejercicio 21.vcxproj", "{4D8688B0-A9BD-410D-9FF5-661508ABC051}"
EndProject
Project("{8BC9CEB8-8B4A-11D0-8D11-00A0C91BC942}") = "Clase 4 ejercicio 24", "Clase 4 ejercicio 24\Clase 4 ejercicio 24.vcxproj", "{FD8C5CFD-6E73-458D-BF67-E06CC79BD6C7}"
EndProject
Project("{8BC9CEB8-8B4A-11D0-8D11-00A0C91BC942}") = "Clase 4 ejercicio 25", "Clase 4 ejercicio 25\Clase 4 ejercicio 25.vcxproj", "{B8F886BB-2851-449B-A67C-6E1AD88CD1E8}"
EndProject
Project("{8BC9CEB8-8B4A-11D0-8D11-00A0C91BC942}") = "Clase 4 ejercicio 26", "Clase 4 ejercicio 26\Clase 4 ejercicio 26.vcxproj", "{4ED829B8-63F6-43B9-B705-C52B204B3441}"
EndProject
Project("{8BC9CEB8-8B4A-11D0-8D11-00A0C91BC942}") = "Clase 4 Arreglos", "Clase 4 Arreglos\Clase 4 Arreglos.vcxproj", "{16D38CA9-D6E3-4C45-BC6E-0A30C84D5F64}"
EndProject
Project("{8BC9CEB8-8B4A-11D0-8D11-00A0C91BC942}") = "Copiar un arreglo a otro", "Copiar un arreglo a otro\Copiar un arreglo a otro.vcxproj", "{4A49E677-690D-4AB0-B203-0E3FC62CF1F5}"
EndProject
Project("{8BC9CEB8-8B4A-11D0-8D11-00A0C91BC942}") = "Clase 4 Ejercicio 27", "Clase 4 Ejercicio 27\Clase 4 Ejercicio 27.vcxproj", "{ECE917AE-5D30-456C-8545-DF7B1022B693}"
EndProject
Project("{8BC9CEB8-8B4A-11D0-8D11-00A0C91BC942}") = "Clase 4 Ejercicio 28", "Clase 4 Ejercicio 28\Clase 4 Ejercicio 28.vcxproj", "{0ECA149C-3A03-467C-8A5B-A14DF5F422C7}"
EndProject
Project("{8BC9CEB8-8B4A-11D0-8D11-00A0C91BC942}") = "ejercicio 29", "ejercicio 29\ejercicio 29.vcxproj", "{D12D17BA-23EF-40F2-9DFE-E22BB479E6FB}"
EndProject
Project("{8BC9CEB8-8B4A-11D0-8D11-00A0C91BC942}") = "clase 4 ejercicio 30", "clase 4 ejercicio 30\clase 4 ejercicio 30.vcxproj", "{CD80BD76-1EE4-40AF-B3DF-81B65A505EE0}"
EndProject
Global
	GlobalSection(SolutionConfigurationPlatforms) = preSolution
		Debug|x64 = Debug|x64
		Debug|x86 = Debug|x86
		Release|x64 = Release|x64
		Release|x86 = Release|x86
	EndGlobalSection
	GlobalSection(ProjectConfigurationPlatforms) = postSolution
		{93E8C50B-C152-4209-B888-7D71E79CB5D2}.Debug|x64.ActiveCfg = Debug|x64
		{93E8C50B-C152-4209-B888-7D71E79CB5D2}.Debug|x64.Build.0 = Debug|x64
		{93E8C50B-C152-4209-B888-7D71E79CB5D2}.Debug|x86.ActiveCfg = Debug|Win32
		{93E8C50B-C152-4209-B888-7D71E79CB5D2}.Debug|x86.Build.0 = Debug|Win32
		{93E8C50B-C152-4209-B888-7D71E79CB5D2}.Release|x64.ActiveCfg = Release|x64
		{93E8C50B-C152-4209-B888-7D71E79CB5D2}.Release|x64.Build.0 = Release|x64
		{93E8C50B-C152-4209-B888-7D71E79CB5D2}.Release|x86.ActiveCfg = Release|Win32
		{93E8C50B-C152-4209-B888-7D71E79CB5D2}.Release|x86.Build.0 = Release|Win32
		{8007BF4E-A665-4177-847C-D19FA8B6C047}.Debug|x64.ActiveCfg = Debug|x64
		{8007BF4E-A665-4177-847C-D19FA8B6C047}.Debug|x64.Build.0 = Debug|x64
		{8007BF4E-A665-4177-847C-D19FA8B6C047}.Debug|x86.ActiveCfg = Debug|Win32
		{8007BF4E-A665-4177-847C-D19FA8B6C047}.Debug|x86.Build.0 = Debug|Win32
		{8007BF4E-A665-4177-847C-D19FA8B6C047}.Release|x64.ActiveCfg = Release|x64
		{8007BF4E-A665-4177-847C-D19FA8B6C047}.Release|x64.Build.0 = Release|x64
		{8007BF4E-A665-4177-847C-D19FA8B6C047}.Release|x86.ActiveCfg = Release|Win32
		{8007BF4E-A665-4177-847C-D19FA8B6C047}.Release|x86.Build.0 = Release|Win32
		{A3F79FC4-41EE-439D-BA1B-7AE82A494D0C}.Debug|x64.ActiveCfg = Debug|x64
		{A3F79FC4-41EE-439D-BA1B-7AE82A494D0C}.Debug|x64.Build.0 = Debug|x64
		{A3F79FC4-41EE-439D-BA1B-7AE82A494D0C}.Debug|x86.ActiveCfg = Debug|Win32
		{A3F79FC4-41EE-439D-BA1B-7AE82A494D0C}.Debug|x86.Build.0 = Debug|Win32
		{A3F79FC4-41EE-439D-BA1B-7AE82A494D0C}.Release|x64.ActiveCfg = Release|x64
		{A3F79FC4-41EE-439D-BA1B-7AE82A494D0C}.Release|x64.Build.0 = Release|x64
		{A3F79FC4-41EE-439D-BA1B-7AE82A494D0C}.Release|x86.ActiveCfg = Release|Win32
		{A3F79FC4-41EE-439D-BA1B-7AE82A494D0C}.Release|x86.Build.0 = Release|Win32
		{1262CD7B-491A-4D61-8989-C381D95C0920}.Debug|x64.ActiveCfg = Debug|x64
		{1262CD7B-491A-4D61-8989-C381D95C0920}.Debug|x64.Build.0 = Debug|x64
		{1262CD7B-491A-4D61-8989-C381D95C0920}.Debug|x86.ActiveCfg = Debug|Win32
		{1262CD7B-491A-4D61-8989-C381D95C0920}.Debug|x86.Build.0 = Debug|Win32
		{1262CD7B-491A-4D61-8989-C381D95C0920}.Release|x64.ActiveCfg = Release|x64
		{1262CD7B-491A-4D61-8989-C381D95C0920}.Release|x64.Build.0 = Release|x64
		{1262CD7B-491A-4D61-8989-C381D95C0920}.Release|x86.ActiveCfg = Release|Win32
		{1262CD7B-491A-4D61-8989-C381D95C0920}.Release|x86.Build.0 = Release|Win32
		{9A8E40A6-7CC3-4E90-8D80-0C67E6121871}.Debug|x64.ActiveCfg = Debug|x64
		{9A8E40A6-7CC3-4E90-8D80-0C67E6121871}.Debug|x64.Build.0 = Debug|x64
		{9A8E40A6-7CC3-4E90-8D80-0C67E6121871}.Debug|x86.ActiveCfg = Debug|Win32
		{9A8E40A6-7CC3-4E90-8D80-0C67E6121871}.Debug|x86.Build.0 = Debug|Win32
		{9A8E40A6-7CC3-4E90-8D80-0C67E6121871}.Release|x64.ActiveCfg = Release|x64
		{9A8E40A6-7CC3-4E90-8D80-0C67E6121871}.Release|x64.Build.0 = Release|x64
		{9A8E40A6-7CC3-4E90-8D80-0C67E6121871}.Release|x86.ActiveCfg = Release|Win32
		{9A8E40A6-7CC3-4E90-8D80-0C67E6121871}.Release|x86.Build.0 = Release|Win32
		{3698BBCE-C21E-4401-8E49-F9AA9FA363B6}.Debug|x64.ActiveCfg = Debug|x64
		{3698BBCE-C21E-4401-8E49-F9AA9FA363B6}.Debug|x64.Build.0 = Debug|x64
		{3698BBCE-C21E-4401-8E49-F9AA9FA363B6}.Debug|x86.ActiveCfg = Debug|Win32
		{3698BBCE-C21E-4401-8E49-F9AA9FA363B6}.Debug|x86.Build.0 = Debug|Win32
		{3698BBCE-C21E-4401-8E49-F9AA9FA363B6}.Release|x64.ActiveCfg = Release|x64
		{3698BBCE-C21E-4401-8E49-F9AA9FA363B6}.Release|x64.Build.0 = Release|x64
		{3698BBCE-C21E-4401-8E49-F9AA9FA363B6}.Release|x86.ActiveCfg = Release|Win32
		{3698BBCE-C21E-4401-8E49-F9AA9FA363B6}.Release|x86.Build.0 = Release|Win32
		{3222452B-5058-4184-8B6A-9E1443870113}.Debug|x64.ActiveCfg = Debug|x64
		{3222452B-5058-4184-8B6A-9E1443870113}.Debug|x64.Build.0 = Debug|x64
		{3222452B-5058-4184-8B6A-9E1443870113}.Debug|x86.ActiveCfg = Debug|Win32
		{3222452B-5058-4184-8B6A-9E1443870113}.Debug|x86.Build.0 = Debug|Win32
		{3222452B-5058-4184-8B6A-9E1443870113}.Release|x64.ActiveCfg = Release|x64
		{3222452B-5058-4184-8B6A-9E1443870113}.Release|x64.Build.0 = Release|x64
		{3222452B-5058-4184-8B6A-9E1443870113}.Release|x86.ActiveCfg = Release|Win32
		{3222452B-5058-4184-8B6A-9E1443870113}.Release|x86.Build.0 = Release|Win32
		{7351B0F5-1D16-494F-8204-394BBCE6AE0C}.Debug|x64.ActiveCfg = Debug|x64
		{7351B0F5-1D16-494F-8204-394BBCE6AE0C}.Debug|x64.Build.0 = Debug|x64
		{7351B0F5-1D16-494F-8204-394BBCE6AE0C}.Debug|x86.ActiveCfg = Debug|Win32
		{7351B0F5-1D16-494F-8204-394BBCE6AE0C}.Debug|x86.Build.0 = Debug|Win32
		{7351B0F5-1D16-494F-8204-394BBCE6AE0C}.Release|x64.ActiveCfg = Release|x64
		{7351B0F5-1D16-494F-8204-394BBCE6AE0C}.Release|x64.Build.0 = Release|x64
		{7351B0F5-1D16-494F-8204-394BBCE6AE0C}.Release|x86.ActiveCfg = Release|Win32
		{7351B0F5-1D16-494F-8204-394BBCE6AE0C}.Release|x86.Build.0 = Release|Win32
		{5629FA3A-AA2F-4CF6-A846-65D3A76D57D5}.Debug|x64.ActiveCfg = Debug|x64
		{5629FA3A-AA2F-4CF6-A846-65D3A76D57D5}.Debug|x64.Build.0 = Debug|x64
		{5629FA3A-AA2F-4CF6-A846-65D3A76D57D5}.Debug|x86.ActiveCfg = Debug|Win32
		{5629FA3A-AA2F-4CF6-A846-65D3A76D57D5}.Debug|x86.Build.0 = Debug|Win32
		{5629FA3A-AA2F-4CF6-A846-65D3A76D57D5}.Release|x64.ActiveCfg = Release|x64
		{5629FA3A-AA2F-4CF6-A846-65D3A76D57D5}.Release|x64.Build.0 = Release|x64
		{5629FA3A-AA2F-4CF6-A846-65D3A76D57D5}.Release|x86.ActiveCfg = Release|Win32
		{5629FA3A-AA2F-4CF6-A846-65D3A76D57D5}.Release|x86.Build.0 = Release|Win32
		{D1C399C5-0696-445B-B2D1-5A94CA8C2C3E}.Debug|x64.ActiveCfg = Debug|x64
		{D1C399C5-0696-445B-B2D1-5A94CA8C2C3E}.Debug|x64.Build.0 = Debug|x64
		{D1C399C5-0696-445B-B2D1-5A94CA8C2C3E}.Debug|x86.ActiveCfg = Debug|Win32
		{D1C399C5-0696-445B-B2D1-5A94CA8C2C3E}.Debug|x86.Build.0 = Debug|Win32
		{D1C399C5-0696-445B-B2D1-5A94CA8C2C3E}.Release|x64.ActiveCfg = Release|x64
		{D1C399C5-0696-445B-B2D1-5A94CA8C2C3E}.Release|x64.Build.0 = Release|x64
		{D1C399C5-0696-445B-B2D1-5A94CA8C2C3E}.Release|x86.ActiveCfg = Release|Win32
		{D1C399C5-0696-445B-B2D1-5A94CA8C2C3E}.Release|x86.Build.0 = Release|Win32
		{B73661A9-1EA8-46F2-A584-96D216008C24}.Debug|x64.ActiveCfg = Debug|x64
		{B73661A9-1EA8-46F2-A584-96D216008C24}.Debug|x64.Build.0 = Debug|x64
		{B73661A9-1EA8-46F2-A584-96D216008C24}.Debug|x86.ActiveCfg = Debug|Win32
		{B73661A9-1EA8-46F2-A584-96D216008C24}.Debug|x86.Build.0 = Debug|Win32
		{B73661A9-1EA8-46F2-A584-96D216008C24}.Release|x64.ActiveCfg = Release|x64
		{B73661A9-1EA8-46F2-A584-96D216008C24}.Release|x64.Build.0 = Release|x64
		{B73661A9-1EA8-46F2-A584-96D216008C24}.Release|x86.ActiveCfg = Release|Win32
		{B73661A9-1EA8-46F2-A584-96D216008C24}.Release|x86.Build.0 = Release|Win32
		{4D8688B0-A9BD-410D-9FF5-661508ABC051}.Debug|x64.ActiveCfg = Debug|x64
		{4D8688B0-A9BD-410D-9FF5-661508ABC051}.Debug|x64.Build.0 = Debug|x64
		{4D8688B0-A9BD-410D-9FF5-661508ABC051}.Debug|x86.ActiveCfg = Debug|Win32
		{4D8688B0-A9BD-410D-9FF5-661508ABC051}.Debug|x86.Build.0 = Debug|Win32
		{4D8688B0-A9BD-410D-9FF5-661508ABC051}.Release|x64.ActiveCfg = Release|x64
		{4D8688B0-A9BD-410D-9FF5-661508ABC051}.Release|x64.Build.0 = Release|x64
		{4D8688B0-A9BD-410D-9FF5-661508ABC051}.Release|x86.ActiveCfg = Release|Win32
		{4D8688B0-A9BD-410D-9FF5-661508ABC051}.Release|x86.Build.0 = Release|Win32
		{FD8C5CFD-6E73-458D-BF67-E06CC79BD6C7}.Debug|x64.ActiveCfg = Debug|x64
		{FD8C5CFD-6E73-458D-BF67-E06CC79BD6C7}.Debug|x64.Build.0 = Debug|x64
		{FD8C5CFD-6E73-458D-BF67-E06CC79BD6C7}.Debug|x86.ActiveCfg = Debug|Win32
		{FD8C5CFD-6E73-458D-BF67-E06CC79BD6C7}.Debug|x86.Build.0 = Debug|Win32
		{FD8C5CFD-6E73-458D-BF67-E06CC79BD6C7}.Release|x64.ActiveCfg = Release|x64
		{FD8C5CFD-6E73-458D-BF67-E06CC79BD6C7}.Release|x64.Build.0 = Release|x64
		{FD8C5CFD-6E73-458D-BF67-E06CC79BD6C7}.Release|x86.ActiveCfg = Release|Win32
		{FD8C5CFD-6E73-458D-BF67-E06CC79BD6C7}.Release|x86.Build.0 = Release|Win32
		{B8F886BB-2851-449B-A67C-6E1AD88CD1E8}.Debug|x64.ActiveCfg = Debug|x64
		{B8F886BB-2851-449B-A67C-6E1AD88CD1E8}.Debug|x64.Build.0 = Debug|x64
		{B8F886BB-2851-449B-A67C-6E1AD88CD1E8}.Debug|x86.ActiveCfg = Debug|Win32
		{B8F886BB-2851-449B-A67C-6E1AD88CD1E8}.Debug|x86.Build.0 = Debug|Win32
		{B8F886BB-2851-449B-A67C-6E1AD88CD1E8}.Release|x64.ActiveCfg = Release|x64
		{B8F886BB-2851-449B-A67C-6E1AD88CD1E8}.Release|x64.Build.0 = Release|x64
		{B8F886BB-2851-449B-A67C-6E1AD88CD1E8}.Release|x86.ActiveCfg = Release|Win32
		{B8F886BB-2851-449B-A67C-6E1AD88CD1E8}.Release|x86.Build.0 = Release|Win32
		{4ED829B8-63F6-43B9-B705-C52B204B3441}.Debug|x64.ActiveCfg = Debug|x64
		{4ED829B8-63F6-43B9-B705-C52B204B3441}.Debug|x64.Build.0 = Debug|x64
		{4ED829B8-63F6-43B9-B705-C52B204B3441}.Debug|x86.ActiveCfg = Debug|Win32
		{4ED829B8-63F6-43B9-B705-C52B204B3441}.Debug|x86.Build.0 = Debug|Win32
		{4ED829B8-63F6-43B9-B705-C52B204B3441}.Release|x64.ActiveCfg = Release|x64
		{4ED829B8-63F6-43B9-B705-C52B204B3441}.Release|x64.Build.0 = Release|x64
		{4ED829B8-63F6-43B9-B705-C52B204B3441}.Release|x86.ActiveCfg = Release|Win32
		{4ED829B8-63F6-43B9-B705-C52B204B3441}.Release|x86.Build.0 = Release|Win32
		{16D38CA9-D6E3-4C45-BC6E-0A30C84D5F64}.Debug|x64.ActiveCfg = Debug|x64
		{16D38CA9-D6E3-4C45-BC6E-0A30C84D5F64}.Debug|x64.Build.0 = Debug|x64
		{16D38CA9-D6E3-4C45-BC6E-0A30C84D5F64}.Debug|x86.ActiveCfg = Debug|Win32
		{16D38CA9-D6E3-4C45-BC6E-0A30C84D5F64}.Debug|x86.Build.0 = Debug|Win32
		{16D38CA9-D6E3-4C45-BC6E-0A30C84D5F64}.Release|x64.ActiveCfg = Release|x64
		{16D38CA9-D6E3-4C45-BC6E-0A30C84D5F64}.Release|x64.Build.0 = Release|x64
		{16D38CA9-D6E3-4C45-BC6E-0A30C84D5F64}.Release|x86.ActiveCfg = Release|Win32
		{16D38CA9-D6E3-4C45-BC6E-0A30C84D5F64}.Release|x86.Build.0 = Release|Win32
		{4A49E677-690D-4AB0-B203-0E3FC62CF1F5}.Debug|x64.ActiveCfg = Debug|x64
		{4A49E677-690D-4AB0-B203-0E3FC62CF1F5}.Debug|x64.Build.0 = Debug|x64
		{4A49E677-690D-4AB0-B203-0E3FC62CF1F5}.Debug|x86.ActiveCfg = Debug|Win32
		{4A49E677-690D-4AB0-B203-0E3FC62CF1F5}.Debug|x86.Build.0 = Debug|Win32
		{4A49E677-690D-4AB0-B203-0E3FC62CF1F5}.Release|x64.ActiveCfg = Release|x64
		{4A49E677-690D-4AB0-B203-0E3FC62CF1F5}.Release|x64.Build.0 = Release|x64
		{4A49E677-690D-4AB0-B203-0E3FC62CF1F5}.Release|x86.ActiveCfg = Release|Win32
		{4A49E677-690D-4AB0-B203-0E3FC62CF1F5}.Release|x86.Build.0 = Release|Win32
		{ECE917AE-5D30-456C-8545-DF7B1022B693}.Debug|x64.ActiveCfg = Debug|x64
		{ECE917AE-5D30-456C-8545-DF7B1022B693}.Debug|x64.Build.0 = Debug|x64
		{ECE917AE-5D30-456C-8545-DF7B1022B693}.Debug|x86.ActiveCfg = Debug|Win32
		{ECE917AE-5D30-456C-8545-DF7B1022B693}.Debug|x86.Build.0 = Debug|Win32
		{ECE917AE-5D30-456C-8545-DF7B1022B693}.Release|x64.ActiveCfg = Release|x64
		{ECE917AE-5D30-456C-8545-DF7B1022B693}.Release|x64.Build.0 = Release|x64
		{ECE917AE-5D30-456C-8545-DF7B1022B693}.Release|x86.ActiveCfg = Release|Win32
		{ECE917AE-5D30-456C-8545-DF7B1022B693}.Release|x86.Build.0 = Release|Win32
		{0ECA149C-3A03-467C-8A5B-A14DF5F422C7}.Debug|x64.ActiveCfg = Debug|x64
		{0ECA149C-3A03-467C-8A5B-A14DF5F422C7}.Debug|x64.Build.0 = Debug|x64
		{0ECA149C-3A03-467C-8A5B-A14DF5F422C7}.Debug|x86.ActiveCfg = Debug|Win32
		{0ECA149C-3A03-467C-8A5B-A14DF5F422C7}.Debug|x86.Build.0 = Debug|Win32
		{0ECA149C-3A03-467C-8A5B-A14DF5F422C7}.Release|x64.ActiveCfg = Release|x64
		{0ECA149C-3A03-467C-8A5B-A14DF5F422C7}.Release|x64.Build.0 = Release|x64
		{0ECA149C-3A03-467C-8A5B-A14DF5F422C7}.Release|x86.ActiveCfg = Release|Win32
		{0ECA149C-3A03-467C-8A5B-A14DF5F422C7}.Release|x86.Build.0 = Release|Win32
		{D12D17BA-23EF-40F2-9DFE-E22BB479E6FB}.Debug|x64.ActiveCfg = Debug|x64
		{D12D17BA-23EF-40F2-9DFE-E22BB479E6FB}.Debug|x64.Build.0 = Debug|x64
		{D12D17BA-23EF-40F2-9DFE-E22BB479E6FB}.Debug|x86.ActiveCfg = Debug|Win32
		{D12D17BA-23EF-40F2-9DFE-E22BB479E6FB}.Debug|x86.Build.0 = Debug|Win32
		{D12D17BA-23EF-40F2-9DFE-E22BB479E6FB}.Release|x64.ActiveCfg = Release|x64
		{D12D17BA-23EF-40F2-9DFE-E22BB479E6FB}.Release|x64.Build.0 = Release|x64
		{D12D17BA-23EF-40F2-9DFE-E22BB479E6FB}.Release|x86.ActiveCfg = Release|Win32
		{D12D17BA-23EF-40F2-9DFE-E22BB479E6FB}.Release|x86.Build.0 = Release|Win32
		{CD80BD76-1EE4-40AF-B3DF-81B65A505EE0}.Debug|x64.ActiveCfg = Debug|x64
		{CD80BD76-1EE4-40AF-B3DF-81B65A505EE0}.Debug|x64.Build.0 = Debug|x64
		{CD80BD76-1EE4-40AF-B3DF-81B65A505EE0}.Debug|x86.ActiveCfg = Debug|Win32
		{CD80BD76-1EE4-40AF-B3DF-81B65A505EE0}.Debug|x86.Build.0 = Debug|Win32
		{CD80BD76-1EE4-40AF-B3DF-81B65A505EE0}.Release|x64.ActiveCfg = Release|x64
		{CD80BD76-1EE4-40AF-B3DF-81B65A505EE0}.Release|x64.Build.0 = Release|x64
		{CD80BD76-1EE4-40AF-B3DF-81B65A505EE0}.Release|x86.ActiveCfg = Release|Win32
		{CD80BD76-1EE4-40AF-B3DF-81B65A505EE0}.Release|x86.Build.0 = Release|Win32
	EndGlobalSection
	GlobalSection(SolutionProperties) = preSolution
		HideSolutionNode = FALSE
	EndGlobalSection
	GlobalSection(ExtensibilityGlobals) = postSolution
		SolutionGuid = {242CB535-FC60-4222-B796-3DDB0D8BF575}
	EndGlobalSection
EndGlobal
